{
  "name": "hoverlab-vscode",
  "version": "0.1.0",
  "lockfileVersion": 3,
  "requires": true,
  "packages": {
    "": {
      "name": "hoverlab-vscode",
      "version": "0.1.0",
      "license": "MIT",
      "dependencies": {
        "hoverlab": "file:../cli"
      },
      "engines": {
        "vscode": "^1.84.0"
      }
    },
    "../cli": {
      "name": "hoverlab",
      "version": "0.3.0",
      "license": "MIT",
      "bin": {
        "hoverlab": "bin/hoverlab.mjs"
      },
      "engines": {
        "node": ">=18.17"
      }
    },
    "node_modules/hoverlab": {
      "resolved": "../cli",
      "link": true
    }
  }
}
